<Solution>
  <Project Path="BranchesAndLoops/BranchesAndLoops.csproj" Id="924090e7-7c41-4d82-b54f-545f60b636e4" />
  <Project Path="FinalGPA/FinalGPA.csproj" Id="e94bead3-1b28-4408-8727-bc51258f92c6" />
  <Project Path="MSFTTutorials/MSFTTutorials.csproj" />
  <Project Path="Numbers/Numbers.csproj" Id="f09d609c-e1f8-4829-b4e6-5ac59efbd59b" />
  <Project Path="StudentGrades/StudentGrades.csproj" Id="0f0115e1-729f-430f-b4fa-925fe22a88c5" />
  <Project Path="TuplesAndTypes/TuplesAndTypes.csproj" Id="2b2a6a34-0569-4086-ae13-b526a67d30dd" />
</Solution>
